github.com/sameeroak1110/gowp v1.0.0 h1:ibWDB1fvt/k82G1aBJtppfXoGx9N0fzHARJYHWmp9/o=
github.com/sameeroak1110/gowp v1.0.0/go.mod h1:L7FohM0KuLNSwsioQEVvR3zXn4S+9Pn8q0fN0QzHFCg=
github.com/sameeroak1110/logger v1.0.19 h1:qwTynP8bNI6FsAaAQPTeJY0UKkK5XOyBwrw5XndzE+Q=
github.com/sameeroak1110/logger v1.0.19/go.mod h1:O4Lb5ZErAcNm9eCfFBIBmZc4Du8FXabhDxFo7zl0Fjc=
