github.com/sameeroak1110/gowp v0.0.0-20230815133802-3fff85437b26 h1:ksWFo8ygDaCgZlqNykxONRYjpkN1en47ve6GwAB33TU=
github.com/sameeroak1110/gowp v0.0.0-20230815133802-3fff85437b26/go.mod h1:L7FohM0KuLNSwsioQEVvR3zXn4S+9Pn8q0fN0QzHFCg=
github.com/sameeroak1110/logger v1.0.19 h1:qwTynP8bNI6FsAaAQPTeJY0UKkK5XOyBwrw5XndzE+Q=
github.com/sameeroak1110/logger v1.0.19/go.mod h1:O4Lb5ZErAcNm9eCfFBIBmZc4Du8FXabhDxFo7zl0Fjc=
