github.com/sameeroak1110/gowp v0.0.0-20230824161458-c5dd196d1c17 h1:mO1/+SifMnFVXYgg0I/f2nOz28TywNruIBn+uqhmAAY=
github.com/sameeroak1110/gowp v0.0.0-20230824161458-c5dd196d1c17/go.mod h1:L7FohM0KuLNSwsioQEVvR3zXn4S+9Pn8q0fN0QzHFCg=
github.com/sameeroak1110/logger v1.0.19 h1:qwTynP8bNI6FsAaAQPTeJY0UKkK5XOyBwrw5XndzE+Q=
github.com/sameeroak1110/logger v1.0.19/go.mod h1:O4Lb5ZErAcNm9eCfFBIBmZc4Du8FXabhDxFo7zl0Fjc=
